github.com/michaels1337/dog v0.0.0-20230710180059-785671462307 h1:+qvXqLuP7yA/mSx10RrvQhEApJ8dpS4FKdFHH2a5eB4=
github.com/michaels1337/dog v0.0.0-20230710180059-785671462307/go.mod h1:YF4klwt/3pjWHKR4fDVXkE/g/Bcofrz3y8fch98WnjU=
github.com/michaels1337/puppy v0.0.0-20230710180442-bd10eb636b2e h1:RH1xq2dB2GnH7NAPU4JVk9DKkKe0jNHsnVZSj67XalI=
github.com/michaels1337/puppy v0.0.0-20230710180442-bd10eb636b2e/go.mod h1:bgvg7ehoDYVTI2IfESn/gTOMG0EJzonzKPEC6uQ87eQ=
